
Microsoft Visual Studio Solution File, Format Version 12.00
# Visual Studio Version 16
VisualStudioVersion = 16.0.30523.141
MinimumVisualStudioVersion = 10.0.40219.1
Project("{9A19103F-16F7-4668-BE54-9A1E7A4F7556}") = "GenderRecognitionML.Model", "GenderRecognitionML.Model\GenderRecognitionML.Model.csproj", "{57B733E3-381F-4736-8F0B-69F627935393}"
EndProject
Project("{9A19103F-16F7-4668-BE54-9A1E7A4F7556}") = "GenderRecognitionML.ConsoleApp", "GenderRecognitionML.ConsoleApp\GenderRecognitionML.ConsoleApp.csproj", "{D1A53429-8D16-44EA-8415-84FB94754151}"
EndProject
Global
	GlobalSection(SolutionConfigurationPlatforms) = preSolution
		Debug|Any CPU = Debug|Any CPU
		Release|Any CPU = Release|Any CPU
	EndGlobalSection
	GlobalSection(ProjectConfigurationPlatforms) = postSolution
		{57B733E3-381F-4736-8F0B-69F627935393}.Debug|Any CPU.ActiveCfg = Debug|Any CPU
		{57B733E3-381F-4736-8F0B-69F627935393}.Debug|Any CPU.Build.0 = Debug|Any CPU
		{57B733E3-381F-4736-8F0B-69F627935393}.Release|Any CPU.ActiveCfg = Release|Any CPU
		{57B733E3-381F-4736-8F0B-69F627935393}.Release|Any CPU.Build.0 = Release|Any CPU
		{D1A53429-8D16-44EA-8415-84FB94754151}.Debug|Any CPU.ActiveCfg = Debug|Any CPU
		{D1A53429-8D16-44EA-8415-84FB94754151}.Debug|Any CPU.Build.0 = Debug|Any CPU
		{D1A53429-8D16-44EA-8415-84FB94754151}.Release|Any CPU.ActiveCfg = Release|Any CPU
		{D1A53429-8D16-44EA-8415-84FB94754151}.Release|Any CPU.Build.0 = Release|Any CPU
	EndGlobalSection
	GlobalSection(SolutionProperties) = preSolution
		HideSolutionNode = FALSE
	EndGlobalSection
	GlobalSection(ExtensibilityGlobals) = postSolution
		SolutionGuid = {5A7A97DB-A5DD-4AE6-9B23-DE6F942AC2DD}
	EndGlobalSection
EndGlobal
